
Microsoft Visual Studio Solution File, Format Version 12.00
# Visual Studio Version 16
VisualStudioVersion = 16.0.29709.97
MinimumVisualStudioVersion = 10.0.40219.1
Project("{FAE04EC0-301F-11D3-BF4B-00C04F79EFBC}") = "WebApplication_Calculator", "WebApplication_Calculator\WebApplication_Calculator.csproj", "{A565A529-83ED-4788-8AAB-6A8914368634}"
EndProject
Global
	GlobalSection(SolutionConfigurationPlatforms) = preSolution
		Debug|Any CPU = Debug|Any CPU
		Release|Any CPU = Release|Any CPU
	EndGlobalSection
	GlobalSection(ProjectConfigurationPlatforms) = postSolution
		{A565A529-83ED-4788-8AAB-6A8914368634}.Debug|Any CPU.ActiveCfg = Debug|Any CPU
		{A565A529-83ED-4788-8AAB-6A8914368634}.Debug|Any CPU.Build.0 = Debug|Any CPU
		{A565A529-83ED-4788-8AAB-6A8914368634}.Release|Any CPU.ActiveCfg = Release|Any CPU
		{A565A529-83ED-4788-8AAB-6A8914368634}.Release|Any CPU.Build.0 = Release|Any CPU
	EndGlobalSection
	GlobalSection(SolutionProperties) = preSolution
		HideSolutionNode = FALSE
	EndGlobalSection
	GlobalSection(ExtensibilityGlobals) = postSolution
		SolutionGuid = {B1377F4B-9A50-468B-96FC-7FC6E1C620B2}
	EndGlobalSection
EndGlobal
